id: contentBlock
displayName: Content Block
ttl: 30
path: /entries
custom:
  include: 3
  imagePath: banner
  includeFields: []
  allowContentTypeIds:
    - contentBlock
  enableFilterByLocale: false
  enableAdvancedFilters: false
method: GET
purgeKey: e7634280-56af-47d3-ac63-b47eb0e8d724
archetype: singleEntry
variables:
  locale:
    type: text
    default: ''
    displayName: Locale
  entryIds:
    type: text
    default: ''
    displayName: Entry Ids
parameters:
  - key: include
    value: '3'
  - key: locale
    value: ${locale}
    omitIfEmpty: true
  - key: sys.id[in]
    value: ${entryIds}
dataSourceId: contentful
allowedOnComponents: []
